{
  "object": {
    "pins": [
      {
        "package": "ZendeskSDKConversationKit",
        "repositoryURL": "https://github.com/zendesk/sdk_conversation_kit_ios",
        "state": {
          "branch": null,
          "revision": "9b140cbe96c531c3bbb9f2ffdac5634e4358003d",
          "version": "0.8.0"
        }
      },
      {
        "package": "ZendeskSDKFayeClient",
        "repositoryURL": "https://github.com/zendesk/sdk_faye_client_ios",
        "state": {
          "branch": null,
          "revision": "aa34801f187ed494601381c675ca7caabd4a69a3",
          "version": "0.4.3"
        }
      },
      {
        "package": "ZendeskSDKHTTPClient",
        "repositoryURL": "https://github.com/zendesk/sdk_http_client_ios",
        "state": {
          "branch": null,
          "revision": "24b347530bb88284b555ac10f9ba3af2f4aebc2a",
          "version": "0.5.2"
        }
      },
      {
        "package": "ZendeskSDK",
        "repositoryURL": "https://github.com/zendesk/sdk_ios",
        "state": {
          "branch": null,
          "revision": "8e87e8e0041b103742d781044cd759193620f884",
          "version": "1.1.0"
        }
      },
      {
        "package": "ZendeskSDKLogger",
        "repositoryURL": "https://github.com/zendesk/sdk_logger_ios",
        "state": {
          "branch": null,
          "revision": "b80e7207c36bb6200b315d0c3f4f4df9c560da5f",
          "version": "0.4.3"
        }
      },
      {
        "package": "ZendeskSDKMessaging",
        "repositoryURL": "https://github.com/zendesk/sdk_messaging_ios",
        "state": {
          "branch": null,
          "revision": "35d410adbcde8552e5d9571f8ed9bdcc41aa9c27",
          "version": "2.1.0"
        }
      },
      {
        "package": "ZendeskSDKSocketClient",
        "repositoryURL": "https://github.com/zendesk/sdk_socket_client_ios",
        "state": {
          "branch": null,
          "revision": "e41f6b71c5dfed3817a32cb0e94e6eddad28ffff",
          "version": "0.4.3"
        }
      },
      {
        "package": "ZendeskSDKStorage",
        "repositoryURL": "https://github.com/zendesk/sdk_storage_ios",
        "state": {
          "branch": null,
          "revision": "91f5bba126dbefa16add9605d0bf7ccfab76c1e9",
          "version": "0.4.3"
        }
      },
      {
        "package": "ZendeskSDKUIComponents",
        "repositoryURL": "https://github.com/zendesk/sdk_ui_components_ios",
        "state": {
          "branch": null,
          "revision": "e31a19e0a956dad2c45908becfbddc4833265470",
          "version": "0.7.1"
        }
      }
    ]
  },
  "version": 1
}
