{
  "object": {
    "pins": [
      {
        "package": "ZendeskSDKConversationKit",
        "repositoryURL": "https://github.com/zendesk/sdk_conversation_kit_ios",
        "state": {
          "branch": null,
          "revision": "143f98e643c280c9dc14d02c06a8115e7f673834",
          "version": "0.5.1"
        }
      },
      {
        "package": "ZendeskSDKFayeClient",
        "repositoryURL": "https://github.com/zendesk/sdk_faye_client_ios",
        "state": {
          "branch": null,
          "revision": "a63886be2fd2a0363f2a14b5e0e94f18e7a5a89f",
          "version": "0.4.1"
        }
      },
      {
        "package": "ZendeskSDKHTTPClient",
        "repositoryURL": "https://github.com/zendesk/sdk_http_client_ios",
        "state": {
          "branch": null,
          "revision": "4528b3d44e597eeb2702999f612731bd7410319e",
          "version": "0.4.2"
        }
      },
      {
        "package": "ZendeskSDKLogger",
        "repositoryURL": "https://github.com/zendesk/sdk_logger_ios",
        "state": {
          "branch": null,
          "revision": "24cdc3535430542bffa4d66cfafd7f4c625bfe29",
          "version": "0.4.1"
        }
      },
      {
        "package": "ZendeskSDKMessaging",
        "repositoryURL": "https://github.com/zendesk/sdk_messaging_ios",
        "state": {
          "branch": null,
          "revision": "2c7c9f8d65350677a47c64bb6b702bdcb50f6e54",
          "version": "1.1.0"
        }
      },
      {
        "package": "ZendeskSDKSocketClient",
        "repositoryURL": "https://github.com/zendesk/sdk_socket_client_ios",
        "state": {
          "branch": null,
          "revision": "010e3ff9af2e0afde1c52be66c7033ce0d1fa1f2",
          "version": "0.4.1"
        }
      },
      {
        "package": "ZendeskSDKStorage",
        "repositoryURL": "https://github.com/zendesk/sdk_storage_ios",
        "state": {
          "branch": null,
          "revision": "f49129ed1f9e7a7fb253c98962130846042b0977",
          "version": "0.4.1"
        }
      },
      {
        "package": "ZendeskSDKUIComponents",
        "repositoryURL": "https://github.com/zendesk/sdk_ui_components_ios",
        "state": {
          "branch": null,
          "revision": "b51a9d03763c49010e7df5af2c697fcfc12c5c44",
          "version": "0.5.0"
        }
      }
    ]
  },
  "version": 1
}
